github.com/RoboCup-SSL/ssl-go-tools v1.8.1 h1:6EAIeJdgr2BO1lfQNrt1vNFFKiKScqjd1HrZsCZ07rg=
github.com/RoboCup-SSL/ssl-go-tools v1.8.1/go.mod h1:FuTw472klW5wAMg09gxQqPCzu6ygxOdMA8D22fDOUfM=
github.com/gorilla/websocket v1.5.3 h1:saDtZ6Pbx/0u+bgYQ3q96pZgCzfhKXGPqt7kZ72aNNg=
github.com/gorilla/websocket v1.5.3/go.mod h1:YR8l580nyteQvAITg2hZ9XVh4b55+EU/adAjf1fMHhE=
